# This file is automatically @generated by Cargo.
# It is not intended for manual editing.
version = 4

[[package]]
name = "codimate-animation"
version = "0.1.0"
dependencies = [
 "codimate-core",
]

[[package]]
name = "codimate-core"
version = "0.1.0"

[[package]]
name = "codimate-example-basic"
version = "0.1.0"
dependencies = [
 "codimate-animation",
 "codimate-core",
 "codimate-export",
 "codimate-layout",
 "codimate-wayland",
]

[[package]]
name = "codimate-export"
version = "0.1.0"
dependencies = [
 "codimate-animation",
 "codimate-core",
 "codimate-layout",
 "codimate-render",
]

[[package]]
name = "codimate-layout"
version = "0.1.0"
dependencies = [
 "codimate-core",
]

[[package]]
name = "codimate-render"
version = "0.1.0"
dependencies = [
 "codimate-core",
 "codimate-layout",
]

[[package]]
name = "codimate-wayland"
version = "0.1.0"
dependencies = [
 "codimate-animation",
 "codimate-core",
 "codimate-layout",
 "codimate-render",
]
